// !$*UTF8*$!
{
	archiveVersion = 1;
	classes = {
	};
	objectVersion = 46;
	objects = {

/* Begin PBXBuildFile section */
		C31B75051E39356600A76368 /* AppDelegate.swift in Sources */ = {isa = PBXBuildFile; fileRef = C31B75041E39356600A76368 /* AppDelegate.swift */; };
		C31B75071E39356600A76368 /* ViewController.swift in Sources */ = {isa = PBXBuildFile; fileRef = C31B75061E39356600A76368 /* ViewController.swift */; };
		C31B750A1E39356600A76368 /* Main.storyboard in Resources */ = {isa = PBXBuildFile; fileRef = C31B75081E39356600A76368 /* Main.storyboard */; };
		C31B750C1E39356600A76368 /* Assets.xcassets in Resources */ = {isa = PBXBuildFile; fileRef = C31B750B1E39356600A76368 /* Assets.xcassets */; };
		C31B750F1E39356600A76368 /* LaunchScreen.storyboard in Resources */ = {isa = PBXBuildFile; fileRef = C31B750D1E39356600A76368 /* LaunchScreen.storyboard */; };
/* End PBXBuildFile section */

/* Begin PBXFileReference section */
		C31B75011E39356600A76368 /* BakeFeel.app */ = {isa = PBXFileReference; explicitFileType = wrapper.application; includeInIndex = 0; path = BakeFeel.app; sourceTree = BUILT_PRODUCTS_DIR; };
		C31B75041E39356600A76368 /* AppDelegate.swift */ = {isa = PBXFileReference; lastKnownFileType = sourcecode.swift; path = AppDelegate.swift; sourceTree = "<group>"; };
		C31B75061E39356600A76368 /* ViewController.swift */ = {isa = PBXFileReference; lastKnownFileType = sourcecode.swift; path = ViewController.swift; sourceTree = "<group>"; };
		C31B75091E39356600A76368 /* Base */ = {isa = PBXFileReference; lastKnownFileType = file.storyboard; name = Base; path = Base.lproj/Main.storyboard; sourceTree = "<group>"; };
		C31B750B1E39356600A76368 /* Assets.xcassets */ = {isa = PBXFileReference; lastKnownFileType = folder.assetcatalog; path = Assets.xcassets; sourceTree = "<group>"; };
		C31B750E1E39356600A76368 /* Base */ = {isa = PBXFileReference; lastKnownFileType = file.storyboard; name = Base; path = Base.lproj/LaunchScreen.storyboard; sourceTree = "<group>"; };
		C31B75101E39356600A76368 /* Info.plist */ = {isa = PBXFileReference; lastKnownFileType = text.plist.xml; path = Info.plist; sourceTree = "<group>"; };
/* End PBXFileReference section */

/* Begin PBXFrameworksBuildPhase section */
		C31B74FE1E39356600A76368 /* Frameworks */ = {
			isa = PBXFrameworksBuildPhase;
			buildActionMask = 2147483647;
			files = (
			);
			runOnlyForDeploymentPostprocessing = 0;
		};
/* End PBXFrameworksBuildPhase section */

/* Begin PBXGroup section */
		C31B74F81E39356600A76368 = {
			isa = PBXGroup;
			children = (
				C31B75031E39356600A76368 /* BakeFeel */,
				C31B75021E39356600A76368 /* Products */,
			);
			sourceTree = "<group>";
		};
		C31B75021E39356600A76368 /* Products */ = {
			isa = PBXGroup;
			children = (
				C31B75011E39356600A76368 /* BakeFeel.app */,
			);
			name = Products;
			sourceTree = "<group>";
		};
		C31B75031E39356600A76368 /* BakeFeel */ = {
			isa = PBXGroup;
			children = (
				C31B75041E39356600A76368 /* AppDelegate.swift */,
				C31B75061E39356600A76368 /* ViewController.swift */,
				C31B75081E39356600A76368 /* Main.storyboard */,
				C31B750B1E39356600A76368 /* Assets.xcassets */,
				C31B750D1E39356600A76368 /* LaunchScreen.storyboard */,
				C31B75101E39356600A76368 /* Info.plist */,
			);
			path = BakeFeel;
			sourceTree = "<group>";
		};
/* End PBXGroup section */

/* Begin PBXNativeTarget section */
		C31B75001E39356600A76368 /* BakeFeel */ = {
			isa = PBXNativeTarget;
			buildConfigurationList = C31B75131E39356600A76368 /* Build configuration list for PBXNativeTarget "BakeFeel" */;
			buildPhases = (
				C31B74FD1E39356600A76368 /* Sources */,
				C31B74FE1E39356600A76368 /* Frameworks */,
				C31B74FF1E39356600A76368 /* Resources */,
			);
			buildRules = (
			);
			dependencies = (
			);
			name = BakeFeel;
			productName = BakeFeel;
			productReference = C31B75011E39356600A76368 /* BakeFeel.app */;
			productType = "com.apple.product-type.application";
		};
/* End PBXNativeTarget section */

/* Begin PBXProject section */
		C31B74F91E39356600A76368 /* Project object */ = {
			isa = PBXProject;
			attributes = {
				LastSwiftUpdateCheck = 0820;
				LastUpgradeCheck = 0820;
				ORGANIZATIONNAME = "Ocotober Hammer";
				TargetAttributes = {
					C31B75001E39356600A76368 = {
						CreatedOnToolsVersion = 8.2.1;
						DevelopmentTeam = 324M5N8HKC;
						ProvisioningStyle = Automatic;
					};
				};
			};
			buildConfigurationList = C31B74FC1E39356600A76368 /* Build configuration list for PBXProject "BakeFeel" */;
			compatibilityVersion = "Xcode 3.2";
			developmentRegion = English;
			hasScannedForEncodings = 0;
			knownRegions = (
				en,
				Base,
			);
			mainGroup = C31B74F81E39356600A76368;
			productRefGroup = C31B75021E39356600A76368 /* Products */;
			projectDirPath = "";
			projectRoot = "";
			targets = (
				C31B75001E39356600A76368 /* BakeFeel */,
			);
		};
/* End PBXProject section */

/* Begin PBXResourcesBuildPhase section */
		C31B74FF1E39356600A76368 /* Resources */ = {
			isa = PBXResourcesBuildPhase;
			buildActionMask = 2147483647;
			files = (
				C31B750F1E39356600A76368 /* LaunchScreen.storyboard in Resources */,
				C31B750C1E39356600A76368 /* Assets.xcassets in Resources */,
				C31B750A1E39356600A76368 /* Main.storyboard in Resources */,
			);
			runOnlyForDeploymentPostprocessing = 0;
		};
/* End PBXResourcesBuildPhase section */

/* Begin PBXSourcesBuildPhase section */
		C31B74FD1E39356600A76368 /* Sources */ = {
			isa = PBXSourcesBuildPhase;
			buildActionMask = 2147483647;
			files = (
				C31B75071E39356600A76368 /* ViewController.swift in Sources */,
				C31B75051E39356600A76368 /* AppDelegate.swift in Sources */,
			);
			runOnlyForDeploymentPostprocessing = 0;
		};
/* End PBXSourcesBuildPhase section */

/* Begin PBXVariantGroup section */
		C31B75081E39356600A76368 /* Main.storyboard */ = {
			isa = PBXVariantGroup;
			children = (
				C31B75091E39356600A76368 /* Base */,
			);
			name = Main.storyboard;
			sourceTree = "<group>";
		};
		C31B750D1E39356600A76368 /* LaunchScreen.storyboard */ = {
			isa = PBXVariantGroup;
			children = (
				C31B750E1E39356600A76368 /* Base */,
			);
			name = LaunchScreen.storyboard;
			sourceTree = "<group>";
		};
/* End PBXVariantGroup section */

/* Begin XCBuildConfiguration section */
		C31B75111E39356600A76368 /* Debug */ = {
			isa = XCBuildConfiguration;
			buildSettings = {
				ALWAYS_SEARCH_USER_PATHS = NO;
				CLANG_ANALYZER_NONNULL = YES;
				CLANG_CXX_LANGUAGE_STANDARD = "gnu++0x";
				CLANG_CXX_LIBRARY = "libc++";
				CLANG_ENABLE_MODULES = YES;
				CLANG_ENABLE_OBJC_ARC = YES;
				CLANG_WARN_BOOL_CONVERSION = YES;
				CLANG_WARN_CONSTANT_CONVERSION = YES;
				CLANG_WARN_DIRECT_OBJC_ISA_USAGE = YES_ERROR;
				CLANG_WARN_DOCUMENTATION_COMMENTS = YES;
				CLANG_WARN_EMPTY_BODY = YES;
				CLANG_WARN_ENUM_CONVERSION = YES;
				CLANG_WARN_INFINITE_RECURSION = YES;
				CLANG_WARN_INT_CONVERSION = YES;
				CLANG_WARN_OBJC_ROOT_CLASS = YES_ERROR;
				CLANG_WARN_SUSPICIOUS_MOVE = YES;
				CLANG_WARN_UNREACHABLE_CODE = YES;
				CLANG_WARN__DUPLICATE_METHOD_MATCH = YES;
				"CODE_SIGN_IDENTITY[sdk=iphoneos*]" = "iPhone Developer";
				COPY_PHASE_STRIP = NO;
				DEBUG_INFORMATION_FORMAT = dwarf;
				ENABLE_STRICT_OBJC_MSGSEND = YES;
				ENABLE_TESTABILITY = YES;
				GCC_C_LANGUAGE_STANDARD = gnu99;
				GCC_DYNAMIC_NO_PIC = NO;
				GCC_NO_COMMON_BLOCKS = YES;
				GCC_OPTIMIZATION_LEVEL = 0;
				GCC_PREPROCESSOR_DEFINITIONS = (
					"DEBUG=1",
					"$(inherited)",
				);
				GCC_WARN_64_TO_32_BIT_CONVERSION = YES;
				GCC_WARN_ABOUT_RETURN_TYPE = YES_ERROR;
				GCC_WARN_UNDECLARED_SELECTOR = YES;
				GCC_WARN_UNINITIALIZED_AUTOS = YES_AGGRESSIVE;
				GCC_WARN_UNUSED_FUNCTION = YES;
				GCC_WARN_UNUSED_VARIABLE = YES;
				IPHONEOS_DEPLOYMENT_TARGET = 10.2;
				MTL_ENABLE_DEBUG_INFO = YES;
				ONLY_ACTIVE_ARCH = YES;
				SDKROOT = iphoneos;
				SWIFT_ACTIVE_COMPILATION_CONDITIONS = DEBUG;
				SWIFT_OPTIMIZATION_LEVEL = "-Onone";
			};
			name = Debug;
		};
		C31B75121E39356600A76368 /* Release */ = {
			isa = XCBuildConfiguration;
			buildSettings = {
				ALWAYS_SEARCH_USER_PATHS = NO;
				CLANG_ANALYZER_NONNULL = YES;
				CLANG_CXX_LANGUAGE_STANDARD = "gnu++0x";
				CLANG_CXX_LIBRARY = "libc++";
				CLANG_ENABLE_MODULES = YES;
				CLANG_ENABLE_OBJC_ARC = YES;
				CLANG_WARN_BOOL_CONVERSION = YES;
				CLANG_WARN_CONSTANT_CONVERSION = YES;
				CLANG_WARN_DIRECT_OBJC_ISA_USAGE = YES_ERROR;
				CLANG_WARN_DOCUMENTATION_COMMENTS = YES;
				CLANG_WARN_EMPTY_BODY = YES;
				CLANG_WARN_ENUM_CONVERSION = YES;
				CLANG_WARN_INFINITE_RECURSION = YES;
				CLANG_WARN_INT_CONVERSION = YES;
				CLANG_WARN_OBJC_ROOT_CLASS = YES_ERROR;
				CLANG_WARN_SUSPICIOUS_MOVE = YES;
				CLANG_WARN_UNREACHABLE_CODE = YES;
				CLANG_WARN__DUPLICATE_METHOD_MATCH = YES;
				"CODE_SIGN_IDENTITY[sdk=iphoneos*]" = "iPhone Developer";
				COPY_PHASE_STRIP = NO;
				DEBUG_INFORMATION_FORMAT = "dwarf-with-dsym";
				ENABLE_NS_ASSERTIONS = NO;
				ENABLE_STRICT_OBJC_MSGSEND = YES;
				GCC_C_LANGUAGE_STANDARD = gnu99;
				GCC_NO_COMMON_BLOCKS = YES;
				GCC_WARN_64_TO_32_BIT_CONVERSION = YES;
				GCC_WARN_ABOUT_RETURN_TYPE = YES_ERROR;
				GCC_WARN_UNDECLARED_SELECTOR = YES;
				GCC_WARN_UNINITIALIZED_AUTOS = YES_AGGRESSIVE;
				GCC_WARN_UNUSED_FUNCTION = YES;
				GCC_WARN_UNUSED_VARIABLE = YES;
				IPHONEOS_DEPLOYMENT_TARGET = 10.2;
				MTL_ENABLE_DEBUG_INFO = NO;
				SDKROOT = iphoneos;
				SWIFT_OPTIMIZATION_LEVEL = "-Owholemodule";
				VALIDATE_PRODUCT = YES;
			};
			name = Release;
		};
		C31B75141E39356600A76368 /* Debug */ = {
			isa = XCBuildConfiguration;
			buildSettings = {
				ASSETCATALOG_COMPILER_APPICON_NAME = AppIcon;
				DEVELOPMENT_TEAM = 324M5N8HKC;
				INFOPLIST_FILE = BakeFeel/Info.plist;
				LD_RUNPATH_SEARCH_PATHS = "$(inherited) @executable_path/Frameworks";
				PRODUCT_BUNDLE_IDENTIFIER = com.octoberhammer.BakeFeel;
				PRODUCT_NAME = "$(TARGET_NAME)";
				SWIFT_VERSION = 3.0;
			};
			name = Debug;
		};
		C31B75151E39356600A76368 /* Release */ = {
			isa = XCBuildConfiguration;
			buildSettings = {
				ASSETCATALOG_COMPILER_APPICON_NAME = AppIcon;
				DEVELOPMENT_TEAM = 324M5N8HKC;
				INFOPLIST_FILE = BakeFeel/Info.plist;
				LD_RUNPATH_SEARCH_PATHS = "$(inherited) @executable_path/Frameworks";
				PRODUCT_BUNDLE_IDENTIFIER = com.octoberhammer.BakeFeel;
				PRODUCT_NAME = "$(TARGET_NAME)";
				SWIFT_VERSION = 3.0;
			};
			name = Release;
		};
/* End XCBuildConfiguration section */

/* Begin XCConfigurationList section */
		C31B74FC1E39356600A76368 /* Build configuration list for PBXProject "BakeFeel" */ = {
			isa = XCConfigurationList;
			buildConfigurations = (
				C31B75111E39356600A76368 /* Debug */,
				C31B75121E39356600A76368 /* Release */,
			);
			defaultConfigurationIsVisible = 0;
			defaultConfigurationName = Release;
		};
		C31B75131E39356600A76368 /* Build configuration list for PBXNativeTarget "BakeFeel" */ = {
			isa = XCConfigurationList;
			buildConfigurations = (
				C31B75141E39356600A76368 /* Debug */,
				C31B75151E39356600A76368 /* Release */,
			);
			defaultConfigurationIsVisible = 0;
		};
/* End XCConfigurationList section */
	};
	rootObject = C31B74F91E39356600A76368 /* Project object */;
}
